PODS:
  - Alamofire (4.8.2)
  - IQKeyboardManagerSwift (6.5.6)
  - SwiftyJSON (4.3.0)

DEPENDENCIES:
  - Alamofire (~> 4.8.2)
  - IQKeyboardManagerSwift
  - SwiftyJSON (~> 4.0)

SPEC REPOS:
  trunk:
    - Alamofire
    - IQKeyboardManagerSwift
    - SwiftyJSON

SPEC CHECKSUMS:
  Alamofire: ae5c501addb7afdbb13687d7f2f722c78734c2d3
  IQKeyboardManagerSwift: c7df9d2deb356c04522f5c4b7b6e4ce4d8ed94fe
  SwiftyJSON: 6faa0040f8b59dead0ee07436cbf76b73c08fd08

PODFILE CHECKSUM: fba463da25a53a19374896c9f9ed247c55338dde

COCOAPODS: 1.9.3
